// !$*UTF8*$!
{
	archiveVersion = 1;
	classes = {
	};
	objectVersion = 53;
	objects = {

/* Begin PBXBuildFile section */
		14CE9437253CA88B00E63F40 /* TweakSlider.swift in Sources */ = {isa = PBXBuildFile; fileRef = 14CE9436253CA88B00E63F40 /* TweakSlider.swift */; };
		14CE943A253CA8CC00E63F40 /* TweakToggle.swift in Sources */ = {isa = PBXBuildFile; fileRef = 14CE9439253CA8CC00E63F40 /* TweakToggle.swift */; };
		14CE943E253CA8F100E63F40 /* TweakColorWell.swift in Sources */ = {isa = PBXBuildFile; fileRef = 14CE943D253CA8F100E63F40 /* TweakColorWell.swift */; };
		14DA80D12A08351F00391A36 /* FixaMidiHooks.swift in Sources */ = {isa = PBXBuildFile; fileRef = 14DA80D02A08351F00391A36 /* FixaMidiHooks.swift */; };
		14E38DC2250AAF6000170821 /* AppDelegate.swift in Sources */ = {isa = PBXBuildFile; fileRef = 14E38DC1250AAF6000170821 /* AppDelegate.swift */; };
		14E38DC6250AAF6000170821 /* Assets.xcassets in Resources */ = {isa = PBXBuildFile; fileRef = 14E38DC5250AAF6000170821 /* Assets.xcassets */; };
		14E38DC9250AAF6000170821 /* Preview Assets.xcassets in Resources */ = {isa = PBXBuildFile; fileRef = 14E38DC8250AAF6000170821 /* Preview Assets.xcassets */; };
		14E38DCC250AAF6000170821 /* Main.storyboard in Resources */ = {isa = PBXBuildFile; fileRef = 14E38DCA250AAF6000170821 /* Main.storyboard */; };
		14E38DD5250AAFE200170821 /* FixaCnCApp.swift in Sources */ = {isa = PBXBuildFile; fileRef = 14E38DD4250AAFE200170821 /* FixaCnCApp.swift */; };
		14E38DD9250AB02500170821 /* FixaController.swift in Sources */ = {isa = PBXBuildFile; fileRef = 14E38DD8250AB02500170821 /* FixaController.swift */; };
		14E38DDC250AB05900170821 /* BrowserView.swift in Sources */ = {isa = PBXBuildFile; fileRef = 14E38DDB250AB05900170821 /* BrowserView.swift */; };
		14E38DDE250AB06B00170821 /* ControlPanelView.swift in Sources */ = {isa = PBXBuildFile; fileRef = 14E38DDD250AB06B00170821 /* ControlPanelView.swift */; };
		14E38E01250AB2E100170821 /* fixa in Frameworks */ = {isa = PBXBuildFile; productRef = 14E38E00250AB2E100170821 /* fixa */; };
/* End PBXBuildFile section */

/* Begin PBXFileReference section */
		14CE9436253CA88B00E63F40 /* TweakSlider.swift */ = {isa = PBXFileReference; lastKnownFileType = sourcecode.swift; path = TweakSlider.swift; sourceTree = "<group>"; };
		14CE9439253CA8CC00E63F40 /* TweakToggle.swift */ = {isa = PBXFileReference; lastKnownFileType = sourcecode.swift; path = TweakToggle.swift; sourceTree = "<group>"; };
		14CE943D253CA8F100E63F40 /* TweakColorWell.swift */ = {isa = PBXFileReference; lastKnownFileType = sourcecode.swift; path = TweakColorWell.swift; sourceTree = "<group>"; };
		14DA80D02A08351F00391A36 /* FixaMidiHooks.swift */ = {isa = PBXFileReference; lastKnownFileType = sourcecode.swift; path = FixaMidiHooks.swift; sourceTree = "<group>"; };
		14E38DBE250AAF6000170821 /* fixa-controller.app */ = {isa = PBXFileReference; explicitFileType = wrapper.application; includeInIndex = 0; path = "fixa-controller.app"; sourceTree = BUILT_PRODUCTS_DIR; };
		14E38DC1250AAF6000170821 /* AppDelegate.swift */ = {isa = PBXFileReference; lastKnownFileType = sourcecode.swift; path = AppDelegate.swift; sourceTree = "<group>"; };
		14E38DC5250AAF6000170821 /* Assets.xcassets */ = {isa = PBXFileReference; lastKnownFileType = folder.assetcatalog; path = Assets.xcassets; sourceTree = "<group>"; };
		14E38DC8250AAF6000170821 /* Preview Assets.xcassets */ = {isa = PBXFileReference; lastKnownFileType = folder.assetcatalog; path = "Preview Assets.xcassets"; sourceTree = "<group>"; };
		14E38DCB250AAF6000170821 /* Base */ = {isa = PBXFileReference; lastKnownFileType = file.storyboard; name = Base; path = Base.lproj/Main.storyboard; sourceTree = "<group>"; };
		14E38DCD250AAF6000170821 /* Info.plist */ = {isa = PBXFileReference; lastKnownFileType = text.plist.xml; path = Info.plist; sourceTree = "<group>"; };
		14E38DCE250AAF6000170821 /* fixa_controller.entitlements */ = {isa = PBXFileReference; lastKnownFileType = text.plist.entitlements; path = fixa_controller.entitlements; sourceTree = "<group>"; };
		14E38DD4250AAFE200170821 /* FixaCnCApp.swift */ = {isa = PBXFileReference; lastKnownFileType = sourcecode.swift; path = FixaCnCApp.swift; sourceTree = "<group>"; };
		14E38DD8250AB02500170821 /* FixaController.swift */ = {isa = PBXFileReference; lastKnownFileType = sourcecode.swift; path = FixaController.swift; sourceTree = "<group>"; };
		14E38DDB250AB05900170821 /* BrowserView.swift */ = {isa = PBXFileReference; lastKnownFileType = sourcecode.swift; path = BrowserView.swift; sourceTree = "<group>"; };
		14E38DDD250AB06B00170821 /* ControlPanelView.swift */ = {isa = PBXFileReference; lastKnownFileType = sourcecode.swift; path = ControlPanelView.swift; sourceTree = "<group>"; };
		14E38E05250AB61000170821 /* fixa */ = {isa = PBXFileReference; lastKnownFileType = folder; name = fixa; path = ../../fixa; sourceTree = "<group>"; };
/* End PBXFileReference section */

/* Begin PBXFrameworksBuildPhase section */
		14E38DBB250AAF6000170821 /* Frameworks */ = {
			isa = PBXFrameworksBuildPhase;
			buildActionMask = 2147483647;
			files = (
				14E38E01250AB2E100170821 /* fixa in Frameworks */,
			);
			runOnlyForDeploymentPostprocessing = 0;
		};
/* End PBXFrameworksBuildPhase section */

/* Begin PBXGroup section */
		14E38DB5250AAF6000170821 = {
			isa = PBXGroup;
			children = (
				14E38E05250AB61000170821 /* fixa */,
				14E38DC0250AAF6000170821 /* fixa-controller */,
				14E38DBF250AAF6000170821 /* Products */,
			);
			sourceTree = "<group>";
		};
		14E38DBF250AAF6000170821 /* Products */ = {
			isa = PBXGroup;
			children = (
				14E38DBE250AAF6000170821 /* fixa-controller.app */,
			);
			name = Products;
			sourceTree = "<group>";
		};
		14E38DC0250AAF6000170821 /* fixa-controller */ = {
			isa = PBXGroup;
			children = (
				14E38DC1250AAF6000170821 /* AppDelegate.swift */,
				14E38DD4250AAFE200170821 /* FixaCnCApp.swift */,
				14E38DD8250AB02500170821 /* FixaController.swift */,
				14DA80D02A08351F00391A36 /* FixaMidiHooks.swift */,
				14E38DDA250AB03800170821 /* Views */,
				14E38DC5250AAF6000170821 /* Assets.xcassets */,
				14E38DCA250AAF6000170821 /* Main.storyboard */,
				14E38DCD250AAF6000170821 /* Info.plist */,
				14E38DCE250AAF6000170821 /* fixa_controller.entitlements */,
				14E38DC7250AAF6000170821 /* Preview Content */,
			);
			path = "fixa-controller";
			sourceTree = "<group>";
		};
		14E38DC7250AAF6000170821 /* Preview Content */ = {
			isa = PBXGroup;
			children = (
				14E38DC8250AAF6000170821 /* Preview Assets.xcassets */,
			);
			path = "Preview Content";
			sourceTree = "<group>";
		};
		14E38DDA250AB03800170821 /* Views */ = {
			isa = PBXGroup;
			children = (
				14E38DDB250AB05900170821 /* BrowserView.swift */,
				14E38DDD250AB06B00170821 /* ControlPanelView.swift */,
				14CE9436253CA88B00E63F40 /* TweakSlider.swift */,
				14CE9439253CA8CC00E63F40 /* TweakToggle.swift */,
				14CE943D253CA8F100E63F40 /* TweakColorWell.swift */,
			);
			path = Views;
			sourceTree = "<group>";
		};
/* End PBXGroup section */

/* Begin PBXNativeTarget section */
		14E38DBD250AAF6000170821 /* fixa-controller */ = {
			isa = PBXNativeTarget;
			buildConfigurationList = 14E38DD1250AAF6000170821 /* Build configuration list for PBXNativeTarget "fixa-controller" */;
			buildPhases = (
				14E38DBA250AAF6000170821 /* Sources */,
				14E38DBB250AAF6000170821 /* Frameworks */,
				14E38DBC250AAF6000170821 /* Resources */,
			);
			buildRules = (
			);
			dependencies = (
			);
			name = "fixa-controller";
			packageProductDependencies = (
				14E38E00250AB2E100170821 /* fixa */,
			);
			productName = "fixa-controller";
			productReference = 14E38DBE250AAF6000170821 /* fixa-controller.app */;
			productType = "com.apple.product-type.application";
		};
/* End PBXNativeTarget section */

/* Begin PBXProject section */
		14E38DB6250AAF6000170821 /* Project object */ = {
			isa = PBXProject;
			attributes = {
				BuildIndependentTargetsInParallel = YES;
				LastSwiftUpdateCheck = 1170;
				LastUpgradeCheck = 1430;
				ORGANIZATIONNAME = "Ivan Milles";
				TargetAttributes = {
					14E38DBD250AAF6000170821 = {
						CreatedOnToolsVersion = 11.7;
					};
				};
			};
			buildConfigurationList = 14E38DB9250AAF6000170821 /* Build configuration list for PBXProject "fixa-controller" */;
			compatibilityVersion = "Xcode 9.3";
			developmentRegion = en;
			hasScannedForEncodings = 0;
			knownRegions = (
				en,
				Base,
			);
			mainGroup = 14E38DB5250AAF6000170821;
			packageReferences = (
				14E38DFF250AB2E100170821 /* XCRemoteSwiftPackageReference "fixa" */,
			);
			productRefGroup = 14E38DBF250AAF6000170821 /* Products */;
			projectDirPath = "";
			projectRoot = "";
			targets = (
				14E38DBD250AAF6000170821 /* fixa-controller */,
			);
		};
/* End PBXProject section */

/* Begin PBXResourcesBuildPhase section */
		14E38DBC250AAF6000170821 /* Resources */ = {
			isa = PBXResourcesBuildPhase;
			buildActionMask = 2147483647;
			files = (
				14E38DCC250AAF6000170821 /* Main.storyboard in Resources */,
				14E38DC9250AAF6000170821 /* Preview Assets.xcassets in Resources */,
				14E38DC6250AAF6000170821 /* Assets.xcassets in Resources */,
			);
			runOnlyForDeploymentPostprocessing = 0;
		};
/* End PBXResourcesBuildPhase section */

/* Begin PBXSourcesBuildPhase section */
		14E38DBA250AAF6000170821 /* Sources */ = {
			isa = PBXSourcesBuildPhase;
			buildActionMask = 2147483647;
			files = (
				14E38DD5250AAFE200170821 /* FixaCnCApp.swift in Sources */,
				14E38DC2250AAF6000170821 /* AppDelegate.swift in Sources */,
				14E38DDE250AB06B00170821 /* ControlPanelView.swift in Sources */,
				14CE9437253CA88B00E63F40 /* TweakSlider.swift in Sources */,
				14E38DDC250AB05900170821 /* BrowserView.swift in Sources */,
				14E38DD9250AB02500170821 /* FixaController.swift in Sources */,
				14CE943E253CA8F100E63F40 /* TweakColorWell.swift in Sources */,
				14DA80D12A08351F00391A36 /* FixaMidiHooks.swift in Sources */,
				14CE943A253CA8CC00E63F40 /* TweakToggle.swift in Sources */,
			);
			runOnlyForDeploymentPostprocessing = 0;
		};
/* End PBXSourcesBuildPhase section */

/* Begin PBXVariantGroup section */
		14E38DCA250AAF6000170821 /* Main.storyboard */ = {
			isa = PBXVariantGroup;
			children = (
				14E38DCB250AAF6000170821 /* Base */,
			);
			name = Main.storyboard;
			sourceTree = "<group>";
		};
/* End PBXVariantGroup section */

/* Begin XCBuildConfiguration section */
		14E38DCF250AAF6000170821 /* Debug */ = {
			isa = XCBuildConfiguration;
			buildSettings = {
				ALWAYS_SEARCH_USER_PATHS = NO;
				CLANG_ANALYZER_NONNULL = YES;
				CLANG_ANALYZER_NUMBER_OBJECT_CONVERSION = YES_AGGRESSIVE;
				CLANG_CXX_LANGUAGE_STANDARD = "gnu++14";
				CLANG_CXX_LIBRARY = "libc++";
				CLANG_ENABLE_MODULES = YES;
				CLANG_ENABLE_OBJC_ARC = YES;
				CLANG_ENABLE_OBJC_WEAK = YES;
				CLANG_WARN_BLOCK_CAPTURE_AUTORELEASING = YES;
				CLANG_WARN_BOOL_CONVERSION = YES;
				CLANG_WARN_COMMA = YES;
				CLANG_WARN_CONSTANT_CONVERSION = YES;
				CLANG_WARN_DEPRECATED_OBJC_IMPLEMENTATIONS = YES;
				CLANG_WARN_DIRECT_OBJC_ISA_USAGE = YES_ERROR;
				CLANG_WARN_DOCUMENTATION_COMMENTS = YES;
				CLANG_WARN_EMPTY_BODY = YES;
				CLANG_WARN_ENUM_CONVERSION = YES;
				CLANG_WARN_INFINITE_RECURSION = YES;
				CLANG_WARN_INT_CONVERSION = YES;
				CLANG_WARN_NON_LITERAL_NULL_CONVERSION = YES;
				CLANG_WARN_OBJC_IMPLICIT_RETAIN_SELF = YES;
				CLANG_WARN_OBJC_LITERAL_CONVERSION = YES;
				CLANG_WARN_OBJC_ROOT_CLASS = YES_ERROR;
				CLANG_WARN_QUOTED_INCLUDE_IN_FRAMEWORK_HEADER = YES;
				CLANG_WARN_RANGE_LOOP_ANALYSIS = YES;
				CLANG_WARN_STRICT_PROTOTYPES = YES;
				CLANG_WARN_SUSPICIOUS_MOVE = YES;
				CLANG_WARN_UNGUARDED_AVAILABILITY = YES_AGGRESSIVE;
				CLANG_WARN_UNREACHABLE_CODE = YES;
				CLANG_WARN__DUPLICATE_METHOD_MATCH = YES;
				COPY_PHASE_STRIP = NO;
				DEAD_CODE_STRIPPING = YES;
				DEBUG_INFORMATION_FORMAT = dwarf;
				ENABLE_STRICT_OBJC_MSGSEND = YES;
				ENABLE_TESTABILITY = YES;
				GCC_C_LANGUAGE_STANDARD = gnu11;
				GCC_DYNAMIC_NO_PIC = NO;
				GCC_NO_COMMON_BLOCKS = YES;
				GCC_OPTIMIZATION_LEVEL = 0;
				GCC_PREPROCESSOR_DEFINITIONS = (
					"DEBUG=1",
					"$(inherited)",
				);
				GCC_WARN_64_TO_32_BIT_CONVERSION = YES;
				GCC_WARN_ABOUT_RETURN_TYPE = YES_ERROR;
				GCC_WARN_UNDECLARED_SELECTOR = YES;
				GCC_WARN_UNINITIALIZED_AUTOS = YES_AGGRESSIVE;
				GCC_WARN_UNUSED_FUNCTION = YES;
				GCC_WARN_UNUSED_VARIABLE = YES;
				MACOSX_DEPLOYMENT_TARGET = 10.15;
				MTL_ENABLE_DEBUG_INFO = INCLUDE_SOURCE;
				MTL_FAST_MATH = YES;
				ONLY_ACTIVE_ARCH = YES;
				SDKROOT = macosx;
				SWIFT_ACTIVE_COMPILATION_CONDITIONS = DEBUG;
				SWIFT_OPTIMIZATION_LEVEL = "-Onone";
			};
			name = Debug;
		};
		14E38DD0250AAF6000170821 /* Release */ = {
			isa = XCBuildConfiguration;
			buildSettings = {
				ALWAYS_SEARCH_USER_PATHS = NO;
				CLANG_ANALYZER_NONNULL = YES;
				CLANG_ANALYZER_NUMBER_OBJECT_CONVERSION = YES_AGGRESSIVE;
				CLANG_CXX_LANGUAGE_STANDARD = "gnu++14";
				CLANG_CXX_LIBRARY = "libc++";
				CLANG_ENABLE_MODULES = YES;
				CLANG_ENABLE_OBJC_ARC = YES;
				CLANG_ENABLE_OBJC_WEAK = YES;
				CLANG_WARN_BLOCK_CAPTURE_AUTORELEASING = YES;
				CLANG_WARN_BOOL_CONVERSION = YES;
				CLANG_WARN_COMMA = YES;
				CLANG_WARN_CONSTANT_CONVERSION = YES;
				CLANG_WARN_DEPRECATED_OBJC_IMPLEMENTATIONS = YES;
				CLANG_WARN_DIRECT_OBJC_ISA_USAGE = YES_ERROR;
				CLANG_WARN_DOCUMENTATION_COMMENTS = YES;
				CLANG_WARN_EMPTY_BODY = YES;
				CLANG_WARN_ENUM_CONVERSION = YES;
				CLANG_WARN_INFINITE_RECURSION = YES;
				CLANG_WARN_INT_CONVERSION = YES;
				CLANG_WARN_NON_LITERAL_NULL_CONVERSION = YES;
				CLANG_WARN_OBJC_IMPLICIT_RETAIN_SELF = YES;
				CLANG_WARN_OBJC_LITERAL_CONVERSION = YES;
				CLANG_WARN_OBJC_ROOT_CLASS = YES_ERROR;
				CLANG_WARN_QUOTED_INCLUDE_IN_FRAMEWORK_HEADER = YES;
				CLANG_WARN_RANGE_LOOP_ANALYSIS = YES;
				CLANG_WARN_STRICT_PROTOTYPES = YES;
				CLANG_WARN_SUSPICIOUS_MOVE = YES;
				CLANG_WARN_UNGUARDED_AVAILABILITY = YES_AGGRESSIVE;
				CLANG_WARN_UNREACHABLE_CODE = YES;
				CLANG_WARN__DUPLICATE_METHOD_MATCH = YES;
				COPY_PHASE_STRIP = NO;
				DEAD_CODE_STRIPPING = YES;
				DEBUG_INFORMATION_FORMAT = "dwarf-with-dsym";
				ENABLE_NS_ASSERTIONS = NO;
				ENABLE_STRICT_OBJC_MSGSEND = YES;
				GCC_C_LANGUAGE_STANDARD = gnu11;
				GCC_NO_COMMON_BLOCKS = YES;
				GCC_WARN_64_TO_32_BIT_CONVERSION = YES;
				GCC_WARN_ABOUT_RETURN_TYPE = YES_ERROR;
				GCC_WARN_UNDECLARED_SELECTOR = YES;
				GCC_WARN_UNINITIALIZED_AUTOS = YES_AGGRESSIVE;
				GCC_WARN_UNUSED_FUNCTION = YES;
				GCC_WARN_UNUSED_VARIABLE = YES;
				MACOSX_DEPLOYMENT_TARGET = 10.15;
				MTL_ENABLE_DEBUG_INFO = NO;
				MTL_FAST_MATH = YES;
				SDKROOT = macosx;
				SWIFT_COMPILATION_MODE = wholemodule;
				SWIFT_OPTIMIZATION_LEVEL = "-O";
			};
			name = Release;
		};
		14E38DD2250AAF6000170821 /* Debug */ = {
			isa = XCBuildConfiguration;
			buildSettings = {
				ASSETCATALOG_COMPILER_APPICON_NAME = AppIcon;
				CODE_SIGN_ENTITLEMENTS = "fixa-controller/fixa_controller.entitlements";
				CODE_SIGN_IDENTITY = "Apple Development";
				CODE_SIGN_STYLE = Automatic;
				COMBINE_HIDPI_IMAGES = YES;
				DEAD_CODE_STRIPPING = YES;
				DEVELOPMENT_ASSET_PATHS = "\"fixa-controller/Preview Content\"";
				DEVELOPMENT_TEAM = Y4JDRD37Q9;
				ENABLE_HARDENED_RUNTIME = YES;
				ENABLE_PREVIEWS = YES;
				INFOPLIST_FILE = "fixa-controller/Info.plist";
				LD_RUNPATH_SEARCH_PATHS = (
					"$(inherited)",
					"@executable_path/../Frameworks",
				);
				MACOSX_DEPLOYMENT_TARGET = 11.1;
				PRODUCT_BUNDLE_IDENTIFIER = "se.rusted.fixa-controller";
				PRODUCT_NAME = "$(TARGET_NAME)";
				SWIFT_VERSION = 5.0;
			};
			name = Debug;
		};
		14E38DD3250AAF6000170821 /* Release */ = {
			isa = XCBuildConfiguration;
			buildSettings = {
				ASSETCATALOG_COMPILER_APPICON_NAME = AppIcon;
				CODE_SIGN_ENTITLEMENTS = "fixa-controller/fixa_controller.entitlements";
				CODE_SIGN_IDENTITY = "Apple Development";
				CODE_SIGN_STYLE = Automatic;
				COMBINE_HIDPI_IMAGES = YES;
				DEAD_CODE_STRIPPING = YES;
				DEVELOPMENT_ASSET_PATHS = "\"fixa-controller/Preview Content\"";
				DEVELOPMENT_TEAM = Y4JDRD37Q9;
				ENABLE_HARDENED_RUNTIME = YES;
				ENABLE_PREVIEWS = YES;
				INFOPLIST_FILE = "fixa-controller/Info.plist";
				LD_RUNPATH_SEARCH_PATHS = (
					"$(inherited)",
					"@executable_path/../Frameworks",
				);
				MACOSX_DEPLOYMENT_TARGET = 11.1;
				PRODUCT_BUNDLE_IDENTIFIER = "se.rusted.fixa-controller";
				PRODUCT_NAME = "$(TARGET_NAME)";
				SWIFT_VERSION = 5.0;
			};
			name = Release;
		};
/* End XCBuildConfiguration section */

/* Begin XCConfigurationList section */
		14E38DB9250AAF6000170821 /* Build configuration list for PBXProject "fixa-controller" */ = {
			isa = XCConfigurationList;
			buildConfigurations = (
				14E38DCF250AAF6000170821 /* Debug */,
				14E38DD0250AAF6000170821 /* Release */,
			);
			defaultConfigurationIsVisible = 0;
			defaultConfigurationName = Release;
		};
		14E38DD1250AAF6000170821 /* Build configuration list for PBXNativeTarget "fixa-controller" */ = {
			isa = XCConfigurationList;
			buildConfigurations = (
				14E38DD2250AAF6000170821 /* Debug */,
				14E38DD3250AAF6000170821 /* Release */,
			);
			defaultConfigurationIsVisible = 0;
			defaultConfigurationName = Release;
		};
/* End XCConfigurationList section */

/* Begin XCRemoteSwiftPackageReference section */
		14E38DFF250AB2E100170821 /* XCRemoteSwiftPackageReference "fixa" */ = {
			isa = XCRemoteSwiftPackageReference;
			repositoryURL = "https://github.com/rustedivan/fixa.git";
			requirement = {
				kind = upToNextMajorVersion;
				minimumVersion = 0.1.1;
			};
		};
/* End XCRemoteSwiftPackageReference section */

/* Begin XCSwiftPackageProductDependency section */
		14E38E00250AB2E100170821 /* fixa */ = {
			isa = XCSwiftPackageProductDependency;
			package = 14E38DFF250AB2E100170821 /* XCRemoteSwiftPackageReference "fixa" */;
			productName = fixa;
		};
/* End XCSwiftPackageProductDependency section */
	};
	rootObject = 14E38DB6250AAF6000170821 /* Project object */;
}
